
Microsoft Visual Studio Solution File, Format Version 12.00
# Visual Studio 15
VisualStudioVersion = 15.0.27130.2027
MinimumVisualStudioVersion = 10.0.40219.1
Project("{FAE04EC0-301F-11D3-BF4B-00C04F79EFBC}") = "Clase_03_EstructuraXamarin.Android", "Clase_03_EstructuraXamarin\Clase_03_EstructuraXamarin.Android\Clase_03_EstructuraXamarin.Android.csproj", "{7B282FB1-31E4-416E-9D3D-AD93E9324FB8}"
EndProject
Project("{FAE04EC0-301F-11D3-BF4B-00C04F79EFBC}") = "Clase_03_EstructuraXamarin.iOS", "Clase_03_EstructuraXamarin\Clase_03_EstructuraXamarin.iOS\Clase_03_EstructuraXamarin.iOS.csproj", "{36332B12-EBA9-4737-8C30-015E109DE9AA}"
EndProject
Project("{FAE04EC0-301F-11D3-BF4B-00C04F79EFBC}") = "Clase_03_EstructuraXamarin.UWP", "Clase_03_EstructuraXamarin\Clase_03_EstructuraXamarin.UWP\Clase_03_EstructuraXamarin.UWP.csproj", "{B3FDA4B7-0D77-405C-9EDA-D5BB6C3A3D65}"
EndProject
Project("{FAE04EC0-301F-11D3-BF4B-00C04F79EFBC}") = "Clase_03_EstructuraXamarin", "Clase_03_EstructuraXamarin\Clase_03_EstructuraXamarin\Clase_03_EstructuraXamarin.csproj", "{DDD93C5F-21B3-4E3D-A233-2EB5466C3A8D}"
EndProject
Global
	GlobalSection(SolutionConfigurationPlatforms) = preSolution
		Ad-Hoc|Any CPU = Ad-Hoc|Any CPU
		Ad-Hoc|ARM = Ad-Hoc|ARM
		Ad-Hoc|iPhone = Ad-Hoc|iPhone
		Ad-Hoc|iPhoneSimulator = Ad-Hoc|iPhoneSimulator
		Ad-Hoc|x64 = Ad-Hoc|x64
		Ad-Hoc|x86 = Ad-Hoc|x86
		AppStore|Any CPU = AppStore|Any CPU
		AppStore|ARM = AppStore|ARM
		AppStore|iPhone = AppStore|iPhone
		AppStore|iPhoneSimulator = AppStore|iPhoneSimulator
		AppStore|x64 = AppStore|x64
		AppStore|x86 = AppStore|x86
		Debug|Any CPU = Debug|Any CPU
		Debug|ARM = Debug|ARM
		Debug|iPhone = Debug|iPhone
		Debug|iPhoneSimulator = Debug|iPhoneSimulator
		Debug|x64 = Debug|x64
		Debug|x86 = Debug|x86
		Release|Any CPU = Release|Any CPU
		Release|ARM = Release|ARM
		Release|iPhone = Release|iPhone
		Release|iPhoneSimulator = Release|iPhoneSimulator
		Release|x64 = Release|x64
		Release|x86 = Release|x86
	EndGlobalSection
	GlobalSection(ProjectConfigurationPlatforms) = postSolution
		{7B282FB1-31E4-416E-9D3D-AD93E9324FB8}.Ad-Hoc|Any CPU.ActiveCfg = Release|Any CPU
		{7B282FB1-31E4-416E-9D3D-AD93E9324FB8}.Ad-Hoc|Any CPU.Build.0 = Release|Any CPU
		{7B282FB1-31E4-416E-9D3D-AD93E9324FB8}.Ad-Hoc|Any CPU.Deploy.0 = Release|Any CPU
		{7B282FB1-31E4-416E-9D3D-AD93E9324FB8}.Ad-Hoc|ARM.ActiveCfg = Release|Any CPU
		{7B282FB1-31E4-416E-9D3D-AD93E9324FB8}.Ad-Hoc|ARM.Build.0 = Release|Any CPU
		{7B282FB1-31E4-416E-9D3D-AD93E9324FB8}.Ad-Hoc|ARM.Deploy.0 = Release|Any CPU
		{7B282FB1-31E4-416E-9D3D-AD93E9324FB8}.Ad-Hoc|iPhone.ActiveCfg = Release|Any CPU
		{7B282FB1-31E4-416E-9D3D-AD93E9324FB8}.Ad-Hoc|iPhone.Build.0 = Release|Any CPU
		{7B282FB1-31E4-416E-9D3D-AD93E9324FB8}.Ad-Hoc|iPhone.Deploy.0 = Release|Any CPU
		{7B282FB1-31E4-416E-9D3D-AD93E9324FB8}.Ad-Hoc|iPhoneSimulator.ActiveCfg = Release|Any CPU
		{7B282FB1-31E4-416E-9D3D-AD93E9324FB8}.Ad-Hoc|iPhoneSimulator.Build.0 = Release|Any CPU
		{7B282FB1-31E4-416E-9D3D-AD93E9324FB8}.Ad-Hoc|iPhoneSimulator.Deploy.0 = Release|Any CPU
		{7B282FB1-31E4-416E-9D3D-AD93E9324FB8}.Ad-Hoc|x64.ActiveCfg = Release|Any CPU
		{7B282FB1-31E4-416E-9D3D-AD93E9324FB8}.Ad-Hoc|x64.Build.0 = Release|Any CPU
		{7B282FB1-31E4-416E-9D3D-AD93E9324FB8}.Ad-Hoc|x64.Deploy.0 = Release|Any CPU
		{7B282FB1-31E4-416E-9D3D-AD93E9324FB8}.Ad-Hoc|x86.ActiveCfg = Release|Any CPU
		{7B282FB1-31E4-416E-9D3D-AD93E9324FB8}.Ad-Hoc|x86.Build.0 = Release|Any CPU
		{7B282FB1-31E4-416E-9D3D-AD93E9324FB8}.Ad-Hoc|x86.Deploy.0 = Release|Any CPU
		{7B282FB1-31E4-416E-9D3D-AD93E9324FB8}.AppStore|Any CPU.ActiveCfg = Release|Any CPU
		{7B282FB1-31E4-416E-9D3D-AD93E9324FB8}.AppStore|Any CPU.Build.0 = Release|Any CPU
		{7B282FB1-31E4-416E-9D3D-AD93E9324FB8}.AppStore|Any CPU.Deploy.0 = Release|Any CPU
		{7B282FB1-31E4-416E-9D3D-AD93E9324FB8}.AppStore|ARM.ActiveCfg = Release|Any CPU
		{7B282FB1-31E4-416E-9D3D-AD93E9324FB8}.AppStore|ARM.Build.0 = Release|Any CPU
		{7B282FB1-31E4-416E-9D3D-AD93E9324FB8}.AppStore|ARM.Deploy.0 = Release|Any CPU
		{7B282FB1-31E4-416E-9D3D-AD93E9324FB8}.AppStore|iPhone.ActiveCfg = Release|Any CPU
		{7B282FB1-31E4-416E-9D3D-AD93E9324FB8}.AppStore|iPhone.Build.0 = Release|Any CPU
		{7B282FB1-31E4-416E-9D3D-AD93E9324FB8}.AppStore|iPhone.Deploy.0 = Release|Any CPU
		{7B282FB1-31E4-416E-9D3D-AD93E9324FB8}.AppStore|iPhoneSimulator.ActiveCfg = Release|Any CPU
		{7B282FB1-31E4-416E-9D3D-AD93E9324FB8}.AppStore|iPhoneSimulator.Build.0 = Release|Any CPU
		{7B282FB1-31E4-416E-9D3D-AD93E9324FB8}.AppStore|iPhoneSimulator.Deploy.0 = Release|Any CPU
		{7B282FB1-31E4-416E-9D3D-AD93E9324FB8}.AppStore|x64.ActiveCfg = Release|Any CPU
		{7B282FB1-31E4-416E-9D3D-AD93E9324FB8}.AppStore|x64.Build.0 = Release|Any CPU
		{7B282FB1-31E4-416E-9D3D-AD93E9324FB8}.AppStore|x64.Deploy.0 = Release|Any CPU
		{7B282FB1-31E4-416E-9D3D-AD93E9324FB8}.AppStore|x86.ActiveCfg = Release|Any CPU
		{7B282FB1-31E4-416E-9D3D-AD93E9324FB8}.AppStore|x86.Build.0 = Release|Any CPU
		{7B282FB1-31E4-416E-9D3D-AD93E9324FB8}.AppStore|x86.Deploy.0 = Release|Any CPU
		{7B282FB1-31E4-416E-9D3D-AD93E9324FB8}.Debug|Any CPU.ActiveCfg = Debug|Any CPU
		{7B282FB1-31E4-416E-9D3D-AD93E9324FB8}.Debug|Any CPU.Build.0 = Debug|Any CPU
		{7B282FB1-31E4-416E-9D3D-AD93E9324FB8}.Debug|Any CPU.Deploy.0 = Debug|Any CPU
		{7B282FB1-31E4-416E-9D3D-AD93E9324FB8}.Debug|ARM.ActiveCfg = Debug|Any CPU
		{7B282FB1-31E4-416E-9D3D-AD93E9324FB8}.Debug|ARM.Build.0 = Debug|Any CPU
		{7B282FB1-31E4-416E-9D3D-AD93E9324FB8}.Debug|ARM.Deploy.0 = Debug|Any CPU
		{7B282FB1-31E4-416E-9D3D-AD93E9324FB8}.Debug|iPhone.ActiveCfg = Debug|Any CPU
		{7B282FB1-31E4-416E-9D3D-AD93E9324FB8}.Debug|iPhone.Build.0 = Debug|Any CPU
		{7B282FB1-31E4-416E-9D3D-AD93E9324FB8}.Debug|iPhone.Deploy.0 = Debug|Any CPU
		{7B282FB1-31E4-416E-9D3D-AD93E9324FB8}.Debug|iPhoneSimulator.ActiveCfg = Debug|Any CPU
		{7B282FB1-31E4-416E-9D3D-AD93E9324FB8}.Debug|iPhoneSimulator.Build.0 = Debug|Any CPU
		{7B282FB1-31E4-416E-9D3D-AD93E9324FB8}.Debug|iPhoneSimulator.Deploy.0 = Debug|Any CPU
		{7B282FB1-31E4-416E-9D3D-AD93E9324FB8}.Debug|x64.ActiveCfg = Debug|Any CPU
		{7B282FB1-31E4-416E-9D3D-AD93E9324FB8}.Debug|x64.Build.0 = Debug|Any CPU
		{7B282FB1-31E4-416E-9D3D-AD93E9324FB8}.Debug|x64.Deploy.0 = Debug|Any CPU
		{7B282FB1-31E4-416E-9D3D-AD93E9324FB8}.Debug|x86.ActiveCfg = Debug|Any CPU
		{7B282FB1-31E4-416E-9D3D-AD93E9324FB8}.Debug|x86.Build.0 = Debug|Any CPU
		{7B282FB1-31E4-416E-9D3D-AD93E9324FB8}.Debug|x86.Deploy.0 = Debug|Any CPU
		{7B282FB1-31E4-416E-9D3D-AD93E9324FB8}.Release|Any CPU.ActiveCfg = Release|Any CPU
		{7B282FB1-31E4-416E-9D3D-AD93E9324FB8}.Release|Any CPU.Build.0 = Release|Any CPU
		{7B282FB1-31E4-416E-9D3D-AD93E9324FB8}.Release|Any CPU.Deploy.0 = Release|Any CPU
		{7B282FB1-31E4-416E-9D3D-AD93E9324FB8}.Release|ARM.ActiveCfg = Release|Any CPU
		{7B282FB1-31E4-416E-9D3D-AD93E9324FB8}.Release|ARM.Build.0 = Release|Any CPU
		{7B282FB1-31E4-416E-9D3D-AD93E9324FB8}.Release|ARM.Deploy.0 = Release|Any CPU
		{7B282FB1-31E4-416E-9D3D-AD93E9324FB8}.Release|iPhone.ActiveCfg = Release|Any CPU
		{7B282FB1-31E4-416E-9D3D-AD93E9324FB8}.Release|iPhone.Build.0 = Release|Any CPU
		{7B282FB1-31E4-416E-9D3D-AD93E9324FB8}.Release|iPhone.Deploy.0 = Release|Any CPU
		{7B282FB1-31E4-416E-9D3D-AD93E9324FB8}.Release|iPhoneSimulator.ActiveCfg = Release|Any CPU
		{7B282FB1-31E4-416E-9D3D-AD93E9324FB8}.Release|iPhoneSimulator.Build.0 = Release|Any CPU
		{7B282FB1-31E4-416E-9D3D-AD93E9324FB8}.Release|iPhoneSimulator.Deploy.0 = Release|Any CPU
		{7B282FB1-31E4-416E-9D3D-AD93E9324FB8}.Release|x64.ActiveCfg = Release|Any CPU
		{7B282FB1-31E4-416E-9D3D-AD93E9324FB8}.Release|x64.Build.0 = Release|Any CPU
		{7B282FB1-31E4-416E-9D3D-AD93E9324FB8}.Release|x64.Deploy.0 = Release|Any CPU
		{7B282FB1-31E4-416E-9D3D-AD93E9324FB8}.Release|x86.ActiveCfg = Release|Any CPU
		{7B282FB1-31E4-416E-9D3D-AD93E9324FB8}.Release|x86.Build.0 = Release|Any CPU
		{7B282FB1-31E4-416E-9D3D-AD93E9324FB8}.Release|x86.Deploy.0 = Release|Any CPU
		{36332B12-EBA9-4737-8C30-015E109DE9AA}.Ad-Hoc|Any CPU.ActiveCfg = Ad-Hoc|iPhone
		{36332B12-EBA9-4737-8C30-015E109DE9AA}.Ad-Hoc|ARM.ActiveCfg = Ad-Hoc|iPhone
		{36332B12-EBA9-4737-8C30-015E109DE9AA}.Ad-Hoc|iPhone.ActiveCfg = Ad-Hoc|iPhone
		{36332B12-EBA9-4737-8C30-015E109DE9AA}.Ad-Hoc|iPhone.Build.0 = Ad-Hoc|iPhone
		{36332B12-EBA9-4737-8C30-015E109DE9AA}.Ad-Hoc|iPhoneSimulator.ActiveCfg = Ad-Hoc|iPhoneSimulator
		{36332B12-EBA9-4737-8C30-015E109DE9AA}.Ad-Hoc|iPhoneSimulator.Build.0 = Ad-Hoc|iPhoneSimulator
		{36332B12-EBA9-4737-8C30-015E109DE9AA}.Ad-Hoc|x64.ActiveCfg = Ad-Hoc|iPhone
		{36332B12-EBA9-4737-8C30-015E109DE9AA}.Ad-Hoc|x86.ActiveCfg = Ad-Hoc|iPhone
		{36332B12-EBA9-4737-8C30-015E109DE9AA}.AppStore|Any CPU.ActiveCfg = AppStore|iPhone
		{36332B12-EBA9-4737-8C30-015E109DE9AA}.AppStore|ARM.ActiveCfg = AppStore|iPhone
		{36332B12-EBA9-4737-8C30-015E109DE9AA}.AppStore|iPhone.ActiveCfg = AppStore|iPhone
		{36332B12-EBA9-4737-8C30-015E109DE9AA}.AppStore|iPhone.Build.0 = AppStore|iPhone
		{36332B12-EBA9-4737-8C30-015E109DE9AA}.AppStore|iPhoneSimulator.ActiveCfg = AppStore|iPhoneSimulator
		{36332B12-EBA9-4737-8C30-015E109DE9AA}.AppStore|iPhoneSimulator.Build.0 = AppStore|iPhoneSimulator
		{36332B12-EBA9-4737-8C30-015E109DE9AA}.AppStore|x64.ActiveCfg = AppStore|iPhone
		{36332B12-EBA9-4737-8C30-015E109DE9AA}.AppStore|x86.ActiveCfg = AppStore|iPhone
		{36332B12-EBA9-4737-8C30-015E109DE9AA}.Debug|Any CPU.ActiveCfg = Debug|iPhone
		{36332B12-EBA9-4737-8C30-015E109DE9AA}.Debug|ARM.ActiveCfg = Debug|iPhone
		{36332B12-EBA9-4737-8C30-015E109DE9AA}.Debug|iPhone.ActiveCfg = Debug|iPhone
		{36332B12-EBA9-4737-8C30-015E109DE9AA}.Debug|iPhone.Build.0 = Debug|iPhone
		{36332B12-EBA9-4737-8C30-015E109DE9AA}.Debug|iPhoneSimulator.ActiveCfg = Debug|iPhoneSimulator
		{36332B12-EBA9-4737-8C30-015E109DE9AA}.Debug|iPhoneSimulator.Build.0 = Debug|iPhoneSimulator
		{36332B12-EBA9-4737-8C30-015E109DE9AA}.Debug|x64.ActiveCfg = Debug|iPhone
		{36332B12-EBA9-4737-8C30-015E109DE9AA}.Debug|x86.ActiveCfg = Debug|iPhone
		{36332B12-EBA9-4737-8C30-015E109DE9AA}.Release|Any CPU.ActiveCfg = Release|iPhone
		{36332B12-EBA9-4737-8C30-015E109DE9AA}.Release|ARM.ActiveCfg = Release|iPhone
		{36332B12-EBA9-4737-8C30-015E109DE9AA}.Release|iPhone.ActiveCfg = Release|iPhone
		{36332B12-EBA9-4737-8C30-015E109DE9AA}.Release|iPhone.Build.0 = Release|iPhone
		{36332B12-EBA9-4737-8C30-015E109DE9AA}.Release|iPhoneSimulator.ActiveCfg = Release|iPhoneSimulator
		{36332B12-EBA9-4737-8C30-015E109DE9AA}.Release|iPhoneSimulator.Build.0 = Release|iPhoneSimulator
		{36332B12-EBA9-4737-8C30-015E109DE9AA}.Release|x64.ActiveCfg = Release|iPhone
		{36332B12-EBA9-4737-8C30-015E109DE9AA}.Release|x86.ActiveCfg = Release|iPhone
		{B3FDA4B7-0D77-405C-9EDA-D5BB6C3A3D65}.Ad-Hoc|Any CPU.ActiveCfg = Release|x86
		{B3FDA4B7-0D77-405C-9EDA-D5BB6C3A3D65}.Ad-Hoc|Any CPU.Build.0 = Release|x86
		{B3FDA4B7-0D77-405C-9EDA-D5BB6C3A3D65}.Ad-Hoc|Any CPU.Deploy.0 = Release|x86
		{B3FDA4B7-0D77-405C-9EDA-D5BB6C3A3D65}.Ad-Hoc|ARM.ActiveCfg = Release|ARM
		{B3FDA4B7-0D77-405C-9EDA-D5BB6C3A3D65}.Ad-Hoc|ARM.Build.0 = Release|ARM
		{B3FDA4B7-0D77-405C-9EDA-D5BB6C3A3D65}.Ad-Hoc|ARM.Deploy.0 = Release|ARM
		{B3FDA4B7-0D77-405C-9EDA-D5BB6C3A3D65}.Ad-Hoc|iPhone.ActiveCfg = Release|x86
		{B3FDA4B7-0D77-405C-9EDA-D5BB6C3A3D65}.Ad-Hoc|iPhone.Build.0 = Release|x86
		{B3FDA4B7-0D77-405C-9EDA-D5BB6C3A3D65}.Ad-Hoc|iPhone.Deploy.0 = Release|x86
		{B3FDA4B7-0D77-405C-9EDA-D5BB6C3A3D65}.Ad-Hoc|iPhoneSimulator.ActiveCfg = Release|x86
		{B3FDA4B7-0D77-405C-9EDA-D5BB6C3A3D65}.Ad-Hoc|iPhoneSimulator.Build.0 = Release|x86
		{B3FDA4B7-0D77-405C-9EDA-D5BB6C3A3D65}.Ad-Hoc|iPhoneSimulator.Deploy.0 = Release|x86
		{B3FDA4B7-0D77-405C-9EDA-D5BB6C3A3D65}.Ad-Hoc|x64.ActiveCfg = Release|x64
		{B3FDA4B7-0D77-405C-9EDA-D5BB6C3A3D65}.Ad-Hoc|x64.Build.0 = Release|x64
		{B3FDA4B7-0D77-405C-9EDA-D5BB6C3A3D65}.Ad-Hoc|x64.Deploy.0 = Release|x64
		{B3FDA4B7-0D77-405C-9EDA-D5BB6C3A3D65}.Ad-Hoc|x86.ActiveCfg = Release|x86
		{B3FDA4B7-0D77-405C-9EDA-D5BB6C3A3D65}.Ad-Hoc|x86.Build.0 = Release|x86
		{B3FDA4B7-0D77-405C-9EDA-D5BB6C3A3D65}.Ad-Hoc|x86.Deploy.0 = Release|x86
		{B3FDA4B7-0D77-405C-9EDA-D5BB6C3A3D65}.AppStore|Any CPU.ActiveCfg = Release|x86
		{B3FDA4B7-0D77-405C-9EDA-D5BB6C3A3D65}.AppStore|Any CPU.Build.0 = Release|x86
		{B3FDA4B7-0D77-405C-9EDA-D5BB6C3A3D65}.AppStore|Any CPU.Deploy.0 = Release|x86
		{B3FDA4B7-0D77-405C-9EDA-D5BB6C3A3D65}.AppStore|ARM.ActiveCfg = Release|ARM
		{B3FDA4B7-0D77-405C-9EDA-D5BB6C3A3D65}.AppStore|ARM.Build.0 = Release|ARM
		{B3FDA4B7-0D77-405C-9EDA-D5BB6C3A3D65}.AppStore|ARM.Deploy.0 = Release|ARM
		{B3FDA4B7-0D77-405C-9EDA-D5BB6C3A3D65}.AppStore|iPhone.ActiveCfg = Release|x86
		{B3FDA4B7-0D77-405C-9EDA-D5BB6C3A3D65}.AppStore|iPhone.Build.0 = Release|x86
		{B3FDA4B7-0D77-405C-9EDA-D5BB6C3A3D65}.AppStore|iPhone.Deploy.0 = Release|x86
		{B3FDA4B7-0D77-405C-9EDA-D5BB6C3A3D65}.AppStore|iPhoneSimulator.ActiveCfg = Release|x86
		{B3FDA4B7-0D77-405C-9EDA-D5BB6C3A3D65}.AppStore|iPhoneSimulator.Build.0 = Release|x86
		{B3FDA4B7-0D77-405C-9EDA-D5BB6C3A3D65}.AppStore|iPhoneSimulator.Deploy.0 = Release|x86
		{B3FDA4B7-0D77-405C-9EDA-D5BB6C3A3D65}.AppStore|x64.ActiveCfg = Release|x64
		{B3FDA4B7-0D77-405C-9EDA-D5BB6C3A3D65}.AppStore|x64.Build.0 = Release|x64
		{B3FDA4B7-0D77-405C-9EDA-D5BB6C3A3D65}.AppStore|x64.Deploy.0 = Release|x64
		{B3FDA4B7-0D77-405C-9EDA-D5BB6C3A3D65}.AppStore|x86.ActiveCfg = Release|x86
		{B3FDA4B7-0D77-405C-9EDA-D5BB6C3A3D65}.AppStore|x86.Build.0 = Release|x86
		{B3FDA4B7-0D77-405C-9EDA-D5BB6C3A3D65}.AppStore|x86.Deploy.0 = Release|x86
		{B3FDA4B7-0D77-405C-9EDA-D5BB6C3A3D65}.Debug|Any CPU.ActiveCfg = Debug|x86
		{B3FDA4B7-0D77-405C-9EDA-D5BB6C3A3D65}.Debug|ARM.ActiveCfg = Debug|ARM
		{B3FDA4B7-0D77-405C-9EDA-D5BB6C3A3D65}.Debug|ARM.Build.0 = Debug|ARM
		{B3FDA4B7-0D77-405C-9EDA-D5BB6C3A3D65}.Debug|ARM.Deploy.0 = Debug|ARM
		{B3FDA4B7-0D77-405C-9EDA-D5BB6C3A3D65}.Debug|iPhone.ActiveCfg = Debug|x86
		{B3FDA4B7-0D77-405C-9EDA-D5BB6C3A3D65}.Debug|iPhoneSimulator.ActiveCfg = Debug|x86
		{B3FDA4B7-0D77-405C-9EDA-D5BB6C3A3D65}.Debug|x64.ActiveCfg = Debug|x64
		{B3FDA4B7-0D77-405C-9EDA-D5BB6C3A3D65}.Debug|x64.Build.0 = Debug|x64
		{B3FDA4B7-0D77-405C-9EDA-D5BB6C3A3D65}.Debug|x64.Deploy.0 = Debug|x64
		{B3FDA4B7-0D77-405C-9EDA-D5BB6C3A3D65}.Debug|x86.ActiveCfg = Debug|x86
		{B3FDA4B7-0D77-405C-9EDA-D5BB6C3A3D65}.Debug|x86.Build.0 = Debug|x86
		{B3FDA4B7-0D77-405C-9EDA-D5BB6C3A3D65}.Debug|x86.Deploy.0 = Debug|x86
		{B3FDA4B7-0D77-405C-9EDA-D5BB6C3A3D65}.Release|Any CPU.ActiveCfg = Release|x86
		{B3FDA4B7-0D77-405C-9EDA-D5BB6C3A3D65}.Release|ARM.ActiveCfg = Release|ARM
		{B3FDA4B7-0D77-405C-9EDA-D5BB6C3A3D65}.Release|ARM.Build.0 = Release|ARM
		{B3FDA4B7-0D77-405C-9EDA-D5BB6C3A3D65}.Release|ARM.Deploy.0 = Release|ARM
		{B3FDA4B7-0D77-405C-9EDA-D5BB6C3A3D65}.Release|iPhone.ActiveCfg = Release|x86
		{B3FDA4B7-0D77-405C-9EDA-D5BB6C3A3D65}.Release|iPhoneSimulator.ActiveCfg = Release|x86
		{B3FDA4B7-0D77-405C-9EDA-D5BB6C3A3D65}.Release|x64.ActiveCfg = Release|x64
		{B3FDA4B7-0D77-405C-9EDA-D5BB6C3A3D65}.Release|x64.Build.0 = Release|x64
		{B3FDA4B7-0D77-405C-9EDA-D5BB6C3A3D65}.Release|x64.Deploy.0 = Release|x64
		{B3FDA4B7-0D77-405C-9EDA-D5BB6C3A3D65}.Release|x86.ActiveCfg = Release|x86
		{B3FDA4B7-0D77-405C-9EDA-D5BB6C3A3D65}.Release|x86.Build.0 = Release|x86
		{B3FDA4B7-0D77-405C-9EDA-D5BB6C3A3D65}.Release|x86.Deploy.0 = Release|x86
		{DDD93C5F-21B3-4E3D-A233-2EB5466C3A8D}.Ad-Hoc|Any CPU.ActiveCfg = Debug|Any CPU
		{DDD93C5F-21B3-4E3D-A233-2EB5466C3A8D}.Ad-Hoc|Any CPU.Build.0 = Debug|Any CPU
		{DDD93C5F-21B3-4E3D-A233-2EB5466C3A8D}.Ad-Hoc|ARM.ActiveCfg = Debug|Any CPU
		{DDD93C5F-21B3-4E3D-A233-2EB5466C3A8D}.Ad-Hoc|ARM.Build.0 = Debug|Any CPU
		{DDD93C5F-21B3-4E3D-A233-2EB5466C3A8D}.Ad-Hoc|iPhone.ActiveCfg = Debug|Any CPU
		{DDD93C5F-21B3-4E3D-A233-2EB5466C3A8D}.Ad-Hoc|iPhone.Build.0 = Debug|Any CPU
		{DDD93C5F-21B3-4E3D-A233-2EB5466C3A8D}.Ad-Hoc|iPhoneSimulator.ActiveCfg = Debug|Any CPU
		{DDD93C5F-21B3-4E3D-A233-2EB5466C3A8D}.Ad-Hoc|iPhoneSimulator.Build.0 = Debug|Any CPU
		{DDD93C5F-21B3-4E3D-A233-2EB5466C3A8D}.Ad-Hoc|x64.ActiveCfg = Debug|Any CPU
		{DDD93C5F-21B3-4E3D-A233-2EB5466C3A8D}.Ad-Hoc|x64.Build.0 = Debug|Any CPU
		{DDD93C5F-21B3-4E3D-A233-2EB5466C3A8D}.Ad-Hoc|x86.ActiveCfg = Debug|Any CPU
		{DDD93C5F-21B3-4E3D-A233-2EB5466C3A8D}.Ad-Hoc|x86.Build.0 = Debug|Any CPU
		{DDD93C5F-21B3-4E3D-A233-2EB5466C3A8D}.AppStore|Any CPU.ActiveCfg = Debug|Any CPU
		{DDD93C5F-21B3-4E3D-A233-2EB5466C3A8D}.AppStore|Any CPU.Build.0 = Debug|Any CPU
		{DDD93C5F-21B3-4E3D-A233-2EB5466C3A8D}.AppStore|ARM.ActiveCfg = Debug|Any CPU
		{DDD93C5F-21B3-4E3D-A233-2EB5466C3A8D}.AppStore|ARM.Build.0 = Debug|Any CPU
		{DDD93C5F-21B3-4E3D-A233-2EB5466C3A8D}.AppStore|iPhone.ActiveCfg = Debug|Any CPU
		{DDD93C5F-21B3-4E3D-A233-2EB5466C3A8D}.AppStore|iPhone.Build.0 = Debug|Any CPU
		{DDD93C5F-21B3-4E3D-A233-2EB5466C3A8D}.AppStore|iPhoneSimulator.ActiveCfg = Debug|Any CPU
		{DDD93C5F-21B3-4E3D-A233-2EB5466C3A8D}.AppStore|iPhoneSimulator.Build.0 = Debug|Any CPU
		{DDD93C5F-21B3-4E3D-A233-2EB5466C3A8D}.AppStore|x64.ActiveCfg = Debug|Any CPU
		{DDD93C5F-21B3-4E3D-A233-2EB5466C3A8D}.AppStore|x64.Build.0 = Debug|Any CPU
		{DDD93C5F-21B3-4E3D-A233-2EB5466C3A8D}.AppStore|x86.ActiveCfg = Debug|Any CPU
		{DDD93C5F-21B3-4E3D-A233-2EB5466C3A8D}.AppStore|x86.Build.0 = Debug|Any CPU
		{DDD93C5F-21B3-4E3D-A233-2EB5466C3A8D}.Debug|Any CPU.ActiveCfg = Debug|Any CPU
		{DDD93C5F-21B3-4E3D-A233-2EB5466C3A8D}.Debug|Any CPU.Build.0 = Debug|Any CPU
		{DDD93C5F-21B3-4E3D-A233-2EB5466C3A8D}.Debug|ARM.ActiveCfg = Debug|Any CPU
		{DDD93C5F-21B3-4E3D-A233-2EB5466C3A8D}.Debug|ARM.Build.0 = Debug|Any CPU
		{DDD93C5F-21B3-4E3D-A233-2EB5466C3A8D}.Debug|iPhone.ActiveCfg = Debug|Any CPU
		{DDD93C5F-21B3-4E3D-A233-2EB5466C3A8D}.Debug|iPhone.Build.0 = Debug|Any CPU
		{DDD93C5F-21B3-4E3D-A233-2EB5466C3A8D}.Debug|iPhoneSimulator.ActiveCfg = Debug|Any CPU
		{DDD93C5F-21B3-4E3D-A233-2EB5466C3A8D}.Debug|iPhoneSimulator.Build.0 = Debug|Any CPU
		{DDD93C5F-21B3-4E3D-A233-2EB5466C3A8D}.Debug|x64.ActiveCfg = Debug|Any CPU
		{DDD93C5F-21B3-4E3D-A233-2EB5466C3A8D}.Debug|x64.Build.0 = Debug|Any CPU
		{DDD93C5F-21B3-4E3D-A233-2EB5466C3A8D}.Debug|x86.ActiveCfg = Debug|Any CPU
		{DDD93C5F-21B3-4E3D-A233-2EB5466C3A8D}.Debug|x86.Build.0 = Debug|Any CPU
		{DDD93C5F-21B3-4E3D-A233-2EB5466C3A8D}.Release|Any CPU.ActiveCfg = Release|Any CPU
		{DDD93C5F-21B3-4E3D-A233-2EB5466C3A8D}.Release|Any CPU.Build.0 = Release|Any CPU
		{DDD93C5F-21B3-4E3D-A233-2EB5466C3A8D}.Release|ARM.ActiveCfg = Release|Any CPU
		{DDD93C5F-21B3-4E3D-A233-2EB5466C3A8D}.Release|ARM.Build.0 = Release|Any CPU
		{DDD93C5F-21B3-4E3D-A233-2EB5466C3A8D}.Release|iPhone.ActiveCfg = Release|Any CPU
		{DDD93C5F-21B3-4E3D-A233-2EB5466C3A8D}.Release|iPhone.Build.0 = Release|Any CPU
		{DDD93C5F-21B3-4E3D-A233-2EB5466C3A8D}.Release|iPhoneSimulator.ActiveCfg = Release|Any CPU
		{DDD93C5F-21B3-4E3D-A233-2EB5466C3A8D}.Release|iPhoneSimulator.Build.0 = Release|Any CPU
		{DDD93C5F-21B3-4E3D-A233-2EB5466C3A8D}.Release|x64.ActiveCfg = Release|Any CPU
		{DDD93C5F-21B3-4E3D-A233-2EB5466C3A8D}.Release|x64.Build.0 = Release|Any CPU
		{DDD93C5F-21B3-4E3D-A233-2EB5466C3A8D}.Release|x86.ActiveCfg = Release|Any CPU
		{DDD93C5F-21B3-4E3D-A233-2EB5466C3A8D}.Release|x86.Build.0 = Release|Any CPU
	EndGlobalSection
	GlobalSection(SolutionProperties) = preSolution
		HideSolutionNode = FALSE
	EndGlobalSection
	GlobalSection(ExtensibilityGlobals) = postSolution
		SolutionGuid = {831F19A7-F0AB-4FAF-A113-05DCBD2F4B69}
	EndGlobalSection
EndGlobal
